
Microsoft Visual Studio Solution File, Format Version 12.00
# Visual Studio 15
VisualStudioVersion = 15.0.27703.2018
MinimumVisualStudioVersion = 10.0.40219.1
Project("{2150E333-8FDC-42A3-9474-1A3956D46DE8}") = "1. Host", "1. Host", "{9CE8BB31-A049-41B3-A77C-A04AC04C1EEA}"
EndProject
Project("{2150E333-8FDC-42A3-9474-1A3956D46DE8}") = "2. App", "2. App", "{1D9AB5B5-A0C2-441C-B914-7A93B1DE043D}"
EndProject
Project("{2150E333-8FDC-42A3-9474-1A3956D46DE8}") = "3. Domain", "3. Domain", "{9F063F7C-D014-4ECA-896B-CF2DC939F5E0}"
EndProject
Project("{2150E333-8FDC-42A3-9474-1A3956D46DE8}") = "4. Infra", "4. Infra", "{67078C38-2C4F-4827-B44E-E4C6CD974673}"
EndProject
Project("{2150E333-8FDC-42A3-9474-1A3956D46DE8}") = "5. Tests", "5. Tests", "{0CC979CD-9321-414B-928C-E90EA74344AC}"
EndProject
Project("{2150E333-8FDC-42A3-9474-1A3956D46DE8}") = "src", "src", "{995C9BDA-D83F-4AE6-A3AF-9C0BFA944351}"
EndProject
Project("{2150E333-8FDC-42A3-9474-1A3956D46DE8}") = "1. Web", "1. Web", "{E6D9483F-269E-4558-9A93-E1C82B59FB8E}"
EndProject
Project("{9A19103F-16F7-4668-BE54-9A1E7A4F7556}") = "Web", "Web\Web.csproj", "{9807613A-69D9-44FF-A95A-0895B8C51911}"
EndProject
Project("{9A19103F-16F7-4668-BE54-9A1E7A4F7556}") = "Farfetch.Infra", "Farfetch.Infra\Farfetch.Infra.csproj", "{D954958E-06D4-4542-AFCD-7589DE763FEE}"
EndProject
Project("{9A19103F-16F7-4668-BE54-9A1E7A4F7556}") = "Farfetch.Tests", "Farfetch.Tests\Farfetch.Tests.csproj", "{094C2F09-B702-4153-B8F9-85765AB6C92C}"
EndProject
Project("{9A19103F-16F7-4668-BE54-9A1E7A4F7556}") = "Farfetch.Domain", "Farfetch.Domain\Farfetch.Domain.csproj", "{7631A91D-ECA9-4C0E-8B22-1AA90C1AFE68}"
EndProject
Project("{9A19103F-16F7-4668-BE54-9A1E7A4F7556}") = "Farfetch.App", "Farfetch.App\Farfetch.App.csproj", "{2AFD68C7-9BA2-4B53-A2E2-1683DA6949B9}"
EndProject
Global
	GlobalSection(SolutionConfigurationPlatforms) = preSolution
		Debug|Any CPU = Debug|Any CPU
		Release|Any CPU = Release|Any CPU
	EndGlobalSection
	GlobalSection(ProjectConfigurationPlatforms) = postSolution
		{9807613A-69D9-44FF-A95A-0895B8C51911}.Debug|Any CPU.ActiveCfg = Debug|Any CPU
		{9807613A-69D9-44FF-A95A-0895B8C51911}.Debug|Any CPU.Build.0 = Debug|Any CPU
		{9807613A-69D9-44FF-A95A-0895B8C51911}.Release|Any CPU.ActiveCfg = Release|Any CPU
		{9807613A-69D9-44FF-A95A-0895B8C51911}.Release|Any CPU.Build.0 = Release|Any CPU
		{D954958E-06D4-4542-AFCD-7589DE763FEE}.Debug|Any CPU.ActiveCfg = Debug|Any CPU
		{D954958E-06D4-4542-AFCD-7589DE763FEE}.Debug|Any CPU.Build.0 = Debug|Any CPU
		{D954958E-06D4-4542-AFCD-7589DE763FEE}.Release|Any CPU.ActiveCfg = Release|Any CPU
		{D954958E-06D4-4542-AFCD-7589DE763FEE}.Release|Any CPU.Build.0 = Release|Any CPU
		{094C2F09-B702-4153-B8F9-85765AB6C92C}.Debug|Any CPU.ActiveCfg = Debug|Any CPU
		{094C2F09-B702-4153-B8F9-85765AB6C92C}.Debug|Any CPU.Build.0 = Debug|Any CPU
		{094C2F09-B702-4153-B8F9-85765AB6C92C}.Release|Any CPU.ActiveCfg = Release|Any CPU
		{094C2F09-B702-4153-B8F9-85765AB6C92C}.Release|Any CPU.Build.0 = Release|Any CPU
		{7631A91D-ECA9-4C0E-8B22-1AA90C1AFE68}.Debug|Any CPU.ActiveCfg = Debug|Any CPU
		{7631A91D-ECA9-4C0E-8B22-1AA90C1AFE68}.Debug|Any CPU.Build.0 = Debug|Any CPU
		{7631A91D-ECA9-4C0E-8B22-1AA90C1AFE68}.Release|Any CPU.ActiveCfg = Release|Any CPU
		{7631A91D-ECA9-4C0E-8B22-1AA90C1AFE68}.Release|Any CPU.Build.0 = Release|Any CPU
		{2AFD68C7-9BA2-4B53-A2E2-1683DA6949B9}.Debug|Any CPU.ActiveCfg = Debug|Any CPU
		{2AFD68C7-9BA2-4B53-A2E2-1683DA6949B9}.Debug|Any CPU.Build.0 = Debug|Any CPU
		{2AFD68C7-9BA2-4B53-A2E2-1683DA6949B9}.Release|Any CPU.ActiveCfg = Release|Any CPU
		{2AFD68C7-9BA2-4B53-A2E2-1683DA6949B9}.Release|Any CPU.Build.0 = Release|Any CPU
	EndGlobalSection
	GlobalSection(SolutionProperties) = preSolution
		HideSolutionNode = FALSE
	EndGlobalSection
	GlobalSection(NestedProjects) = preSolution
		{9CE8BB31-A049-41B3-A77C-A04AC04C1EEA} = {995C9BDA-D83F-4AE6-A3AF-9C0BFA944351}
		{1D9AB5B5-A0C2-441C-B914-7A93B1DE043D} = {995C9BDA-D83F-4AE6-A3AF-9C0BFA944351}
		{9F063F7C-D014-4ECA-896B-CF2DC939F5E0} = {995C9BDA-D83F-4AE6-A3AF-9C0BFA944351}
		{67078C38-2C4F-4827-B44E-E4C6CD974673} = {995C9BDA-D83F-4AE6-A3AF-9C0BFA944351}
		{0CC979CD-9321-414B-928C-E90EA74344AC} = {995C9BDA-D83F-4AE6-A3AF-9C0BFA944351}
		{E6D9483F-269E-4558-9A93-E1C82B59FB8E} = {9CE8BB31-A049-41B3-A77C-A04AC04C1EEA}
		{9807613A-69D9-44FF-A95A-0895B8C51911} = {E6D9483F-269E-4558-9A93-E1C82B59FB8E}
		{D954958E-06D4-4542-AFCD-7589DE763FEE} = {67078C38-2C4F-4827-B44E-E4C6CD974673}
		{094C2F09-B702-4153-B8F9-85765AB6C92C} = {0CC979CD-9321-414B-928C-E90EA74344AC}
		{7631A91D-ECA9-4C0E-8B22-1AA90C1AFE68} = {9F063F7C-D014-4ECA-896B-CF2DC939F5E0}
		{2AFD68C7-9BA2-4B53-A2E2-1683DA6949B9} = {1D9AB5B5-A0C2-441C-B914-7A93B1DE043D}
	EndGlobalSection
	GlobalSection(ExtensibilityGlobals) = postSolution
		SolutionGuid = {7BAA4989-BC80-4F51-B5B4-805D568A5681}
	EndGlobalSection
EndGlobal
